
Microsoft Visual Studio Solution File, Format Version 12.00
# Visual Studio Version 17
VisualStudioVersion = 17.11.35327.3
MinimumVisualStudioVersion = 10.0.40219.1
Project("{FAE04EC0-301F-11D3-BF4B-00C04F79EFBC}") = "Zad4b", "Zad4b\Zad4b.csproj", "{330ED762-D9BC-49DD-83C6-8C53DA5558A7}"
EndProject
Global
	GlobalSection(SolutionConfigurationPlatforms) = preSolution
		Debug|Any CPU = Debug|Any CPU
		Release|Any CPU = Release|Any CPU
	EndGlobalSection
	GlobalSection(ProjectConfigurationPlatforms) = postSolution
		{330ED762-D9BC-49DD-83C6-8C53DA5558A7}.Debug|Any CPU.ActiveCfg = Debug|Any CPU
		{330ED762-D9BC-49DD-83C6-8C53DA5558A7}.Debug|Any CPU.Build.0 = Debug|Any CPU
		{330ED762-D9BC-49DD-83C6-8C53DA5558A7}.Release|Any CPU.ActiveCfg = Release|Any CPU
		{330ED762-D9BC-49DD-83C6-8C53DA5558A7}.Release|Any CPU.Build.0 = Release|Any CPU
	EndGlobalSection
	GlobalSection(SolutionProperties) = preSolution
		HideSolutionNode = FALSE
	EndGlobalSection
	GlobalSection(ExtensibilityGlobals) = postSolution
		SolutionGuid = {48558ED6-99F9-4BDB-A4F5-C80DC8A2D571}
	EndGlobalSection
EndGlobal
