Microsoft Visual Studio Solution File, Format Version 12.00
# Visual Studio Version 17
VisualStudioVersion = 17.5.2.0
MinimumVisualStudioVersion = 10.0.40219.1
Project("{FAE04EC0-301F-11D3-BF4B-00C04F79EFBC}") = "zad2", "zad2.csproj", "{206BB614-2A9D-1835-415C-837750801E4C}"
EndProject
Global
	GlobalSection(SolutionConfigurationPlatforms) = preSolution
		Debug|Any CPU = Debug|Any CPU
		Release|Any CPU = Release|Any CPU
	EndGlobalSection
	GlobalSection(ProjectConfigurationPlatforms) = postSolution
		{206BB614-2A9D-1835-415C-837750801E4C}.Debug|Any CPU.ActiveCfg = Debug|Any CPU
		{206BB614-2A9D-1835-415C-837750801E4C}.Debug|Any CPU.Build.0 = Debug|Any CPU
		{206BB614-2A9D-1835-415C-837750801E4C}.Release|Any CPU.ActiveCfg = Release|Any CPU
		{206BB614-2A9D-1835-415C-837750801E4C}.Release|Any CPU.Build.0 = Release|Any CPU
	EndGlobalSection
	GlobalSection(SolutionProperties) = preSolution
		HideSolutionNode = FALSE
	EndGlobalSection
	GlobalSection(ExtensibilityGlobals) = postSolution
		SolutionGuid = {51F6D0B7-405C-4761-9F2A-5488E0BEDC2B}
	EndGlobalSection
EndGlobal
