
Microsoft Visual Studio Solution File, Format Version 12.00
# Visual Studio Version 17
VisualStudioVersion = 17.11.35327.3
MinimumVisualStudioVersion = 10.0.40219.1
Project("{FAE04EC0-301F-11D3-BF4B-00C04F79EFBC}") = "Z4", "Z4\Z4.csproj", "{CA896C75-F6CA-46E8-B4BB-E037E63A4585}"
EndProject
Global
	GlobalSection(SolutionConfigurationPlatforms) = preSolution
		Debug|Any CPU = Debug|Any CPU
		Release|Any CPU = Release|Any CPU
	EndGlobalSection
	GlobalSection(ProjectConfigurationPlatforms) = postSolution
		{CA896C75-F6CA-46E8-B4BB-E037E63A4585}.Debug|Any CPU.ActiveCfg = Debug|Any CPU
		{CA896C75-F6CA-46E8-B4BB-E037E63A4585}.Debug|Any CPU.Build.0 = Debug|Any CPU
		{CA896C75-F6CA-46E8-B4BB-E037E63A4585}.Release|Any CPU.ActiveCfg = Release|Any CPU
		{CA896C75-F6CA-46E8-B4BB-E037E63A4585}.Release|Any CPU.Build.0 = Release|Any CPU
	EndGlobalSection
	GlobalSection(SolutionProperties) = preSolution
		HideSolutionNode = FALSE
	EndGlobalSection
	GlobalSection(ExtensibilityGlobals) = postSolution
		SolutionGuid = {09F9B286-F413-4C1D-806B-399814C15D9C}
	EndGlobalSection
EndGlobal
